
Microsoft Visual Studio Solution File, Format Version 12.00
# Visual Studio Version 17
VisualStudioVersion = 17.1.32228.430
MinimumVisualStudioVersion = 10.0.40219.1
Project("{FAE04EC0-301F-11D3-BF4B-00C04F79EFBC}") = "Infrastructure", "Infrastructure\Infrastructure.csproj", "{9EB5194F-02F3-4154-B06B-131E5AF938C2}"
EndProject
Project("{FAE04EC0-301F-11D3-BF4B-00C04F79EFBC}") = "Application", "Application\Application.csproj", "{24580148-C669-436C-BC10-A6F0526F8DD2}"
EndProject
Project("{9A19103F-16F7-4668-BE54-9A1E7A4F7556}") = "Api", "Api\Api.csproj", "{4CD08A66-AB37-4E76-8670-F992B032CDFD}"
EndProject
Project("{2150E333-8FDC-42A3-9474-1A3956D46DE8}") = "Tests", "Tests", "{50846107-E873-46B3-B1AC-3DE2F3AF1F70}"
EndProject
Project("{FAE04EC0-301F-11D3-BF4B-00C04F79EFBC}") = "Api.Test.Unit", "Api.Test.Unit\Api.Test.Unit.csproj", "{1F473E24-46F5-4749-B066-4978F9371789}"
EndProject
Project("{FAE04EC0-301F-11D3-BF4B-00C04F79EFBC}") = "Application.Test.Unit", "Application.Test.Unit\Application.Test.Unit.csproj", "{253C84EA-56C1-4FB0-8F08-31A284474F9B}"
EndProject
Project("{FAE04EC0-301F-11D3-BF4B-00C04F79EFBC}") = "Infrastructure.Test.Unit", "Infrastructure.Test.Unit\Infrastructure.Test.Unit.csproj", "{11F26C3E-96E0-4927-8D90-2A0CD09BEAA6}"
EndProject
Project("{FAE04EC0-301F-11D3-BF4B-00C04F79EFBC}") = "Test.Shared", "Test.Shared\Test.Shared.csproj", "{4C89FBFE-4A59-4AE8-9078-17B224D9ED2D}"
EndProject
Global
	GlobalSection(SolutionConfigurationPlatforms) = preSolution
		Debug|Any CPU = Debug|Any CPU
		Release|Any CPU = Release|Any CPU
	EndGlobalSection
	GlobalSection(ProjectConfigurationPlatforms) = postSolution
		{9EB5194F-02F3-4154-B06B-131E5AF938C2}.Debug|Any CPU.ActiveCfg = Debug|Any CPU
		{9EB5194F-02F3-4154-B06B-131E5AF938C2}.Debug|Any CPU.Build.0 = Debug|Any CPU
		{9EB5194F-02F3-4154-B06B-131E5AF938C2}.Release|Any CPU.ActiveCfg = Release|Any CPU
		{9EB5194F-02F3-4154-B06B-131E5AF938C2}.Release|Any CPU.Build.0 = Release|Any CPU
		{24580148-C669-436C-BC10-A6F0526F8DD2}.Debug|Any CPU.ActiveCfg = Debug|Any CPU
		{24580148-C669-436C-BC10-A6F0526F8DD2}.Debug|Any CPU.Build.0 = Debug|Any CPU
		{24580148-C669-436C-BC10-A6F0526F8DD2}.Release|Any CPU.ActiveCfg = Release|Any CPU
		{24580148-C669-436C-BC10-A6F0526F8DD2}.Release|Any CPU.Build.0 = Release|Any CPU
		{4CD08A66-AB37-4E76-8670-F992B032CDFD}.Debug|Any CPU.ActiveCfg = Debug|Any CPU
		{4CD08A66-AB37-4E76-8670-F992B032CDFD}.Debug|Any CPU.Build.0 = Debug|Any CPU
		{4CD08A66-AB37-4E76-8670-F992B032CDFD}.Release|Any CPU.ActiveCfg = Release|Any CPU
		{4CD08A66-AB37-4E76-8670-F992B032CDFD}.Release|Any CPU.Build.0 = Release|Any CPU
		{1F473E24-46F5-4749-B066-4978F9371789}.Debug|Any CPU.ActiveCfg = Debug|Any CPU
		{1F473E24-46F5-4749-B066-4978F9371789}.Debug|Any CPU.Build.0 = Debug|Any CPU
		{1F473E24-46F5-4749-B066-4978F9371789}.Release|Any CPU.ActiveCfg = Release|Any CPU
		{1F473E24-46F5-4749-B066-4978F9371789}.Release|Any CPU.Build.0 = Release|Any CPU
		{253C84EA-56C1-4FB0-8F08-31A284474F9B}.Debug|Any CPU.ActiveCfg = Debug|Any CPU
		{253C84EA-56C1-4FB0-8F08-31A284474F9B}.Debug|Any CPU.Build.0 = Debug|Any CPU
		{253C84EA-56C1-4FB0-8F08-31A284474F9B}.Release|Any CPU.ActiveCfg = Release|Any CPU
		{253C84EA-56C1-4FB0-8F08-31A284474F9B}.Release|Any CPU.Build.0 = Release|Any CPU
		{11F26C3E-96E0-4927-8D90-2A0CD09BEAA6}.Debug|Any CPU.ActiveCfg = Debug|Any CPU
		{11F26C3E-96E0-4927-8D90-2A0CD09BEAA6}.Debug|Any CPU.Build.0 = Debug|Any CPU
		{11F26C3E-96E0-4927-8D90-2A0CD09BEAA6}.Release|Any CPU.ActiveCfg = Release|Any CPU
		{11F26C3E-96E0-4927-8D90-2A0CD09BEAA6}.Release|Any CPU.Build.0 = Release|Any CPU
		{4C89FBFE-4A59-4AE8-9078-17B224D9ED2D}.Debug|Any CPU.ActiveCfg = Debug|Any CPU
		{4C89FBFE-4A59-4AE8-9078-17B224D9ED2D}.Debug|Any CPU.Build.0 = Debug|Any CPU
		{4C89FBFE-4A59-4AE8-9078-17B224D9ED2D}.Release|Any CPU.ActiveCfg = Release|Any CPU
		{4C89FBFE-4A59-4AE8-9078-17B224D9ED2D}.Release|Any CPU.Build.0 = Release|Any CPU
	EndGlobalSection
	GlobalSection(SolutionProperties) = preSolution
		HideSolutionNode = FALSE
	EndGlobalSection
	GlobalSection(NestedProjects) = preSolution
		{1F473E24-46F5-4749-B066-4978F9371789} = {50846107-E873-46B3-B1AC-3DE2F3AF1F70}
		{253C84EA-56C1-4FB0-8F08-31A284474F9B} = {50846107-E873-46B3-B1AC-3DE2F3AF1F70}
		{11F26C3E-96E0-4927-8D90-2A0CD09BEAA6} = {50846107-E873-46B3-B1AC-3DE2F3AF1F70}
		{4C89FBFE-4A59-4AE8-9078-17B224D9ED2D} = {50846107-E873-46B3-B1AC-3DE2F3AF1F70}
	EndGlobalSection
	GlobalSection(ExtensibilityGlobals) = postSolution
		SolutionGuid = {54DF682B-9AFA-454E-AEF3-3D8522E405F4}
	EndGlobalSection
EndGlobal
